
Microsoft Visual Studio Solution File, Format Version 12.00
# Visual Studio 15
VisualStudioVersion = 15.0.27428.1
MinimumVisualStudioVersion = 10.0.40219.1
Project("{FAE04EC0-301F-11D3-BF4B-00C04F79EFBC}") = "Tut2CylinderFunctions", "Tut2CylinderFunctions\Tut2CylinderFunctions.csproj", "{3E3F5026-6CF1-40EF-A06F-8F3A3603396D}"
EndProject
Global
	GlobalSection(SolutionConfigurationPlatforms) = preSolution
		Debug|Any CPU = Debug|Any CPU
		Release|Any CPU = Release|Any CPU
	EndGlobalSection
	GlobalSection(ProjectConfigurationPlatforms) = postSolution
		{3E3F5026-6CF1-40EF-A06F-8F3A3603396D}.Debug|Any CPU.ActiveCfg = Debug|Any CPU
		{3E3F5026-6CF1-40EF-A06F-8F3A3603396D}.Debug|Any CPU.Build.0 = Debug|Any CPU
		{3E3F5026-6CF1-40EF-A06F-8F3A3603396D}.Release|Any CPU.ActiveCfg = Release|Any CPU
		{3E3F5026-6CF1-40EF-A06F-8F3A3603396D}.Release|Any CPU.Build.0 = Release|Any CPU
	EndGlobalSection
	GlobalSection(SolutionProperties) = preSolution
		HideSolutionNode = FALSE
	EndGlobalSection
	GlobalSection(ExtensibilityGlobals) = postSolution
		SolutionGuid = {5937E330-F76D-446D-935D-AF47913861AA}
	EndGlobalSection
EndGlobal
