
Microsoft Visual Studio Solution File, Format Version 12.00
# Visual Studio 15
VisualStudioVersion = 15.0.27130.2036
MinimumVisualStudioVersion = 10.0.40219.1
Project("{FAE04EC0-301F-11D3-BF4B-00C04F79EFBC}") = "Tut4ParseTextbox", "Tut4ParseTextbox\Tut4ParseTextbox.csproj", "{C44B5B52-11CC-4AC0-96C9-D64DF9037284}"
EndProject
Global
	GlobalSection(SolutionConfigurationPlatforms) = preSolution
		Debug|Any CPU = Debug|Any CPU
		Release|Any CPU = Release|Any CPU
	EndGlobalSection
	GlobalSection(ProjectConfigurationPlatforms) = postSolution
		{C44B5B52-11CC-4AC0-96C9-D64DF9037284}.Debug|Any CPU.ActiveCfg = Debug|Any CPU
		{C44B5B52-11CC-4AC0-96C9-D64DF9037284}.Debug|Any CPU.Build.0 = Debug|Any CPU
		{C44B5B52-11CC-4AC0-96C9-D64DF9037284}.Release|Any CPU.ActiveCfg = Release|Any CPU
		{C44B5B52-11CC-4AC0-96C9-D64DF9037284}.Release|Any CPU.Build.0 = Release|Any CPU
	EndGlobalSection
	GlobalSection(SolutionProperties) = preSolution
		HideSolutionNode = FALSE
	EndGlobalSection
	GlobalSection(ExtensibilityGlobals) = postSolution
		SolutionGuid = {BB14A208-A0A6-459F-88AF-B6CC8EB78C3C}
	EndGlobalSection
EndGlobal
