
Microsoft Visual Studio Solution File, Format Version 12.00
# Visual Studio 15
VisualStudioVersion = 15.0.27130.2036
MinimumVisualStudioVersion = 10.0.40219.1
Project("{FAE04EC0-301F-11D3-BF4B-00C04F79EFBC}") = "Tut2TilePlanner", "Tut2TilePlanner\Tut2TilePlanner.csproj", "{C65061A1-B9C6-4A79-AA80-8FA0CF9B3551}"
EndProject
Global
	GlobalSection(SolutionConfigurationPlatforms) = preSolution
		Debug|Any CPU = Debug|Any CPU
		Release|Any CPU = Release|Any CPU
	EndGlobalSection
	GlobalSection(ProjectConfigurationPlatforms) = postSolution
		{C65061A1-B9C6-4A79-AA80-8FA0CF9B3551}.Debug|Any CPU.ActiveCfg = Debug|Any CPU
		{C65061A1-B9C6-4A79-AA80-8FA0CF9B3551}.Debug|Any CPU.Build.0 = Debug|Any CPU
		{C65061A1-B9C6-4A79-AA80-8FA0CF9B3551}.Release|Any CPU.ActiveCfg = Release|Any CPU
		{C65061A1-B9C6-4A79-AA80-8FA0CF9B3551}.Release|Any CPU.Build.0 = Release|Any CPU
	EndGlobalSection
	GlobalSection(SolutionProperties) = preSolution
		HideSolutionNode = FALSE
	EndGlobalSection
	GlobalSection(ExtensibilityGlobals) = postSolution
		SolutionGuid = {74B468FE-489F-446A-A278-724DA3E1BD2F}
	EndGlobalSection
EndGlobal
